// !$*UTF8*$!
{
	archiveVersion = 1;
	classes = {
	};
	objectVersion = 56;
	objects = {

/* Begin PBXBuildFile section */
		57397FA6296D7ECC0088B5F4 /* Stack.swift in Sources */ = {isa = PBXBuildFile; fileRef = 57397FA5296D7ECC0088B5F4 /* Stack.swift */; };
		57397FA8296D7ED70088B5F4 /* Queue.swift in Sources */ = {isa = PBXBuildFile; fileRef = 57397FA7296D7ED70088B5F4 /* Queue.swift */; };
		57397FAA296D7EDF0088B5F4 /* Deque.swift in Sources */ = {isa = PBXBuildFile; fileRef = 57397FA9296D7EDF0088B5F4 /* Deque.swift */; };
		57397FB1296E2E1C0088B5F4 /* Heap.swift in Sources */ = {isa = PBXBuildFile; fileRef = 57397FAB296D7EEA0088B5F4 /* Heap.swift */; };
		57C481F5296BD54D008731D9 /* FileIO.swift in Sources */ = {isa = PBXBuildFile; fileRef = 574E1CA32963DE76005D2048 /* FileIO.swift */; };
		EE0AD55929E8F81100C1CDA1 /* 4256.swift in Sources */ = {isa = PBXBuildFile; fileRef = EE0AD55829E8F81100C1CDA1 /* 4256.swift */; };
		EE2738B529BFFE25006077A3 /* Combination.swift in Sources */ = {isa = PBXBuildFile; fileRef = EE2738B429BFFE25006077A3 /* Combination.swift */; };
/* End PBXBuildFile section */

/* Begin PBXCopyFilesBuildPhase section */
		57600BF62962576B00A7F27B /* CopyFiles */ = {
			isa = PBXCopyFilesBuildPhase;
			buildActionMask = 2147483647;
			dstPath = /usr/share/man/man1/;
			dstSubfolderSpec = 0;
			files = (
			);
			runOnlyForDeploymentPostprocessing = 1;
		};
/* End PBXCopyFilesBuildPhase section */

/* Begin PBXFileReference section */
		570304C52978BB3600AAC56D /* 1181.swift */ = {isa = PBXFileReference; lastKnownFileType = sourcecode.swift; path = 1181.swift; sourceTree = "<group>"; };
		570304C92978BF3F00AAC56D /* 20210.swift */ = {isa = PBXFileReference; lastKnownFileType = sourcecode.swift; path = 20210.swift; sourceTree = "<group>"; };
		57397F81296CD7BD0088B5F4 /* 14425.swift */ = {isa = PBXFileReference; lastKnownFileType = sourcecode.swift; path = 14425.swift; sourceTree = "<group>"; };
		57397F83296CDAC00088B5F4 /* 7662.swift */ = {isa = PBXFileReference; lastKnownFileType = sourcecode.swift; path = 7662.swift; sourceTree = "<group>"; };
		57397FA5296D7ECC0088B5F4 /* Stack.swift */ = {isa = PBXFileReference; lastKnownFileType = sourcecode.swift; path = Stack.swift; sourceTree = "<group>"; };
		57397FA7296D7ED70088B5F4 /* Queue.swift */ = {isa = PBXFileReference; lastKnownFileType = sourcecode.swift; path = Queue.swift; sourceTree = "<group>"; };
		57397FA9296D7EDF0088B5F4 /* Deque.swift */ = {isa = PBXFileReference; lastKnownFileType = sourcecode.swift; path = Deque.swift; sourceTree = "<group>"; };
		57397FAB296D7EEA0088B5F4 /* Heap.swift */ = {isa = PBXFileReference; lastKnownFileType = sourcecode.swift; path = Heap.swift; sourceTree = "<group>"; };
		57397FAD296D99EB0088B5F4 /* 7662_retry.swift */ = {isa = PBXFileReference; lastKnownFileType = sourcecode.swift; path = 7662_retry.swift; sourceTree = "<group>"; };
		57397FAF296E2E0B0088B5F4 /* 11279.swift */ = {isa = PBXFileReference; lastKnownFileType = sourcecode.swift; path = 11279.swift; sourceTree = "<group>"; };
		57397FB2296E321D0088B5F4 /* 2696.swift */ = {isa = PBXFileReference; lastKnownFileType = sourcecode.swift; path = 2696.swift; sourceTree = "<group>"; };
		57397FC0296F7C370088B5F4 /* 2075.swift */ = {isa = PBXFileReference; lastKnownFileType = sourcecode.swift; path = 2075.swift; sourceTree = "<group>"; };
		57397FC3296F94C90088B5F4 /* 21942.swift */ = {isa = PBXFileReference; lastKnownFileType = sourcecode.swift; path = 21942.swift; sourceTree = "<group>"; };
		574E1C9F2963A2E6005D2048 /* 2346.swift */ = {isa = PBXFileReference; lastKnownFileType = sourcecode.swift; path = 2346.swift; sourceTree = "<group>"; };
		574E1CA12963A2F4005D2048 /* 2493.swift */ = {isa = PBXFileReference; lastKnownFileType = sourcecode.swift; path = 2493.swift; sourceTree = "<group>"; };
		574E1CA32963DE76005D2048 /* FileIO.swift */ = {isa = PBXFileReference; lastKnownFileType = sourcecode.swift; path = FileIO.swift; sourceTree = "<group>"; };
		574E1CA52963EF4E005D2048 /* 2493_fail.swift */ = {isa = PBXFileReference; lastKnownFileType = sourcecode.swift; path = 2493_fail.swift; sourceTree = "<group>"; };
		574E615B2970CDBD002BCDAF /* 21939.swift */ = {isa = PBXFileReference; lastKnownFileType = sourcecode.swift; path = 21939.swift; sourceTree = "<group>"; };
		574E615D2970E1C3002BCDAF /* 21944.swift */ = {isa = PBXFileReference; lastKnownFileType = sourcecode.swift; path = 21944.swift; sourceTree = "<group>"; };
		575DE9482974BFDB00E61B8F /* 20291.swift */ = {isa = PBXFileReference; lastKnownFileType = sourcecode.swift; path = 20291.swift; sourceTree = "<group>"; };
		575DE94A2974C4EE00E61B8F /* 1764.swift */ = {isa = PBXFileReference; lastKnownFileType = sourcecode.swift; path = 1764.swift; sourceTree = "<group>"; };
		575DE9512976133200E61B8F /* 17413.swift */ = {isa = PBXFileReference; lastKnownFileType = sourcecode.swift; path = 17413.swift; sourceTree = "<group>"; };
		575DE9532976229200E61B8F /* 6550.swift */ = {isa = PBXFileReference; lastKnownFileType = sourcecode.swift; path = 6550.swift; sourceTree = "<group>"; };
		57600BF82962576B00A7F27B /* Algorithm */ = {isa = PBXFileReference; explicitFileType = "compiled.mach-o.executable"; includeInIndex = 0; path = Algorithm; sourceTree = BUILT_PRODUCTS_DIR; };
		57600BFB2962576B00A7F27B /* 1935.swift */ = {isa = PBXFileReference; lastKnownFileType = sourcecode.swift; path = 1935.swift; sourceTree = "<group>"; };
		57600C0429625A6400A7F27B /* 1966.swift */ = {isa = PBXFileReference; lastKnownFileType = sourcecode.swift; path = 1966.swift; sourceTree = "<group>"; };
		5799DB6C2977656B001137EA /* 9046.swift */ = {isa = PBXFileReference; lastKnownFileType = sourcecode.swift; path = 9046.swift; sourceTree = "<group>"; };
		5799DB6E29776B99001137EA /* 17609.swift */ = {isa = PBXFileReference; lastKnownFileType = sourcecode.swift; path = 17609.swift; sourceTree = "<group>"; };
		57C4818B29679236008731D9 /* 10799.swift */ = {isa = PBXFileReference; lastKnownFileType = sourcecode.swift; path = 10799.swift; sourceTree = "<group>"; };
		57C4818D2967BECB008731D9 /* 22942.swift */ = {isa = PBXFileReference; lastKnownFileType = sourcecode.swift; path = 22942.swift; sourceTree = "<group>"; };
		57C481E9296B88EF008731D9 /* 10828.swift */ = {isa = PBXFileReference; lastKnownFileType = sourcecode.swift; path = 10828.swift; sourceTree = "<group>"; };
		57C481EB296B8E1E008731D9 /* 1620.swift */ = {isa = PBXFileReference; lastKnownFileType = sourcecode.swift; path = 1620.swift; sourceTree = "<group>"; };
		57C481F2296BC4F5008731D9 /* 2800.swift */ = {isa = PBXFileReference; lastKnownFileType = sourcecode.swift; path = 2800.swift; sourceTree = "<group>"; };
		57C481F7296BEA73008731D9 /* 22942_heap.swift */ = {isa = PBXFileReference; lastKnownFileType = sourcecode.swift; path = 22942_heap.swift; sourceTree = "<group>"; };
		57F68BA32964F32700DB1471 /* 1874.swift */ = {isa = PBXFileReference; lastKnownFileType = sourcecode.swift; path = 1874.swift; sourceTree = "<group>"; };
		57F68BA529650F2000DB1471 /* 18258.swift */ = {isa = PBXFileReference; lastKnownFileType = sourcecode.swift; path = 18258.swift; sourceTree = "<group>"; };
		57F68BAB2966432800DB1471 /* 1918.swift */ = {isa = PBXFileReference; lastKnownFileType = sourcecode.swift; path = 1918.swift; sourceTree = "<group>"; };
		57FEFA77297A0C3E008A78B0 /* 16916.swift */ = {isa = PBXFileReference; lastKnownFileType = sourcecode.swift; path = 16916.swift; sourceTree = "<group>"; };
		57FEFA79297A2097008A78B0 /* 20437.swift */ = {isa = PBXFileReference; lastKnownFileType = sourcecode.swift; path = 20437.swift; sourceTree = "<group>"; };
		EE00BB8829AD8451007CE728 /* 22860.swift */ = {isa = PBXFileReference; lastKnownFileType = sourcecode.swift; path = 22860.swift; sourceTree = "<group>"; };
		EE06312A29A2EAAD002830FB /* 20922.swift */ = {isa = PBXFileReference; lastKnownFileType = sourcecode.swift; path = 20922.swift; sourceTree = "<group>"; };
		EE090B6429DA442F0087A69B /* 15649.swift */ = {isa = PBXFileReference; lastKnownFileType = sourcecode.swift; path = 15649.swift; sourceTree = "<group>"; };
		EE0AD54C29E6504800C1CDA1 /* 2447.swift */ = {isa = PBXFileReference; lastKnownFileType = sourcecode.swift; path = 2447.swift; sourceTree = "<group>"; };
		EE0AD55229E7A3B900C1CDA1 /* 2448.swift */ = {isa = PBXFileReference; lastKnownFileType = sourcecode.swift; path = 2448.swift; sourceTree = "<group>"; };
		EE0AD55829E8F81100C1CDA1 /* 4256.swift */ = {isa = PBXFileReference; lastKnownFileType = sourcecode.swift; path = 4256.swift; sourceTree = "<group>"; };
		EE0D8E4E29B8287000D96050 /* 2667.swift */ = {isa = PBXFileReference; lastKnownFileType = sourcecode.swift; path = 2667.swift; sourceTree = "<group>"; };
		EE0E0F0A299B05400007B92D /* 17485.swift */ = {isa = PBXFileReference; lastKnownFileType = sourcecode.swift; path = 17485.swift; sourceTree = "<group>"; };
		EE0E0F0C299B38140007B92D /* 2228.swift */ = {isa = PBXFileReference; lastKnownFileType = sourcecode.swift; path = 2228.swift; sourceTree = "<group>"; };
		EE168C8A299072160020D5CE /* 2748.swift */ = {isa = PBXFileReference; lastKnownFileType = sourcecode.swift; path = 2748.swift; sourceTree = "<group>"; };
		EE168C8C299077A80020D5CE /* 1463.swift */ = {isa = PBXFileReference; lastKnownFileType = sourcecode.swift; path = 1463.swift; sourceTree = "<group>"; };
		EE16DDAC297F4EA8002D4A65 /* 11725.swift */ = {isa = PBXFileReference; lastKnownFileType = sourcecode.swift; path = 11725.swift; sourceTree = "<group>"; };
		EE16DDAE297F62D6002D4A65 /* 1991.swift */ = {isa = PBXFileReference; lastKnownFileType = sourcecode.swift; path = 1991.swift; sourceTree = "<group>"; };
		EE1D571F299DACD300758683 /* 21941.swift */ = {isa = PBXFileReference; lastKnownFileType = sourcecode.swift; path = 21941.swift; sourceTree = "<group>"; };
		EE23EAEC29AC3C4800C1DD53 /* 14719.swift */ = {isa = PBXFileReference; lastKnownFileType = sourcecode.swift; path = 14719.swift; sourceTree = "<group>"; };
		EE2628CA2991C5940013137C /* 9095.swift */ = {isa = PBXFileReference; lastKnownFileType = sourcecode.swift; path = 9095.swift; sourceTree = "<group>"; };
		EE2628CC2991D3590013137C /* 2579.swift */ = {isa = PBXFileReference; lastKnownFileType = sourcecode.swift; path = 2579.swift; sourceTree = "<group>"; };
		EE2738AC29BE9660006077A3 /* 2798.swift */ = {isa = PBXFileReference; lastKnownFileType = sourcecode.swift; path = 2798.swift; sourceTree = "<group>"; };
		EE2738B229BFEB71006077A3 /* 15686.swift */ = {isa = PBXFileReference; lastKnownFileType = sourcecode.swift; path = 15686.swift; sourceTree = "<group>"; };
		EE2738B429BFFE25006077A3 /* Combination.swift */ = {isa = PBXFileReference; lastKnownFileType = sourcecode.swift; path = Combination.swift; sourceTree = "<group>"; };
		EE2738C129C177FE006077A3 /* 14500.swift */ = {isa = PBXFileReference; lastKnownFileType = sourcecode.swift; path = 14500.swift; sourceTree = "<group>"; };
		EE27C53829C7D23A00285CC5 /* 1713.swift */ = {isa = PBXFileReference; lastKnownFileType = sourcecode.swift; path = 1713.swift; sourceTree = "<group>"; };
		EE27C55129C91E8400285CC5 /* 5212.swift */ = {isa = PBXFileReference; lastKnownFileType = sourcecode.swift; path = 5212.swift; sourceTree = "<group>"; };
		EE27C55929CAA47300285CC5 /* 20436.swift */ = {isa = PBXFileReference; lastKnownFileType = sourcecode.swift; path = 20436.swift; sourceTree = "<group>"; };
		EE27C55D29CBCD1800285CC5 /* 3190.swift */ = {isa = PBXFileReference; lastKnownFileType = sourcecode.swift; path = 3190.swift; sourceTree = "<group>"; };
		EE2AB46B29DE766B00018F19 /* 9663.swift */ = {isa = PBXFileReference; lastKnownFileType = sourcecode.swift; path = 9663.swift; sourceTree = "<group>"; };
		EE2AB46D29DFA46900018F19 /* 14888.swift */ = {isa = PBXFileReference; lastKnownFileType = sourcecode.swift; path = 14888.swift; sourceTree = "<group>"; };
		EE2AE70729E39021007046C8 /* 2630.swift */ = {isa = PBXFileReference; lastKnownFileType = sourcecode.swift; path = 2630.swift; sourceTree = "<group>"; };
		EE2AE71329E4D6E5007046C8 /* 18222.swift */ = {isa = PBXFileReference; lastKnownFileType = sourcecode.swift; path = 18222.swift; sourceTree = "<group>"; };
		EE2BC3412981F03C002B5C60 /* 6416.swift */ = {isa = PBXFileReference; lastKnownFileType = sourcecode.swift; path = 6416.swift; sourceTree = "<group>"; };
		EE2BC34329820DF7002B5C60 /* 6416_retry.swift */ = {isa = PBXFileReference; lastKnownFileType = sourcecode.swift; path = 6416_retry.swift; sourceTree = "<group>"; };
		EE2BC34529821C26002B5C60 /* 5639.swift */ = {isa = PBXFileReference; lastKnownFileType = sourcecode.swift; path = 5639.swift; sourceTree = "<group>"; };
		EE2E5E6929B5687600545253 /* 2606.swift */ = {isa = PBXFileReference; lastKnownFileType = sourcecode.swift; path = 2606.swift; sourceTree = "<group>"; };
		EE36DCFE29D5278300A0612B /* 3079.swift */ = {isa = PBXFileReference; lastKnownFileType = sourcecode.swift; path = 3079.swift; sourceTree = "<group>"; };
		EE3A957829D25AC100CA1A70 /* 10815.swift */ = {isa = PBXFileReference; lastKnownFileType = sourcecode.swift; path = 10815.swift; sourceTree = "<group>"; };
		EE41DC1F29D10981000A1A4C /* 1789.swift */ = {isa = PBXFileReference; lastKnownFileType = sourcecode.swift; path = 1789.swift; sourceTree = "<group>"; };
		EE49615A29A44804000DA88C /* 20442.swift */ = {isa = PBXFileReference; lastKnownFileType = sourcecode.swift; path = 20442.swift; sourceTree = "<group>"; };
		EE4F004E299319C60098A21B /* 10844.swift */ = {isa = PBXFileReference; lastKnownFileType = sourcecode.swift; path = 10844.swift; sourceTree = "<group>"; };
		EE4F0050299332C60098A21B /* 15486.swift */ = {isa = PBXFileReference; lastKnownFileType = sourcecode.swift; path = 15486.swift; sourceTree = "<group>"; };
		EE50C55429888BC2005EA82C /* 13305.swift */ = {isa = PBXFileReference; lastKnownFileType = sourcecode.swift; path = 13305.swift; sourceTree = "<group>"; };
		EE50C55629889CB9005EA82C /* 13305_solution.swift */ = {isa = PBXFileReference; lastKnownFileType = sourcecode.swift; path = 13305_solution.swift; sourceTree = "<group>"; };
		EE50C55829889F8F005EA82C /* 19598.swift */ = {isa = PBXFileReference; lastKnownFileType = sourcecode.swift; path = 19598.swift; sourceTree = "<group>"; };
		EE53E11029C2C6FD00AD7E62 /* 12919.swift */ = {isa = PBXFileReference; lastKnownFileType = sourcecode.swift; path = 12919.swift; sourceTree = "<group>"; };
		EE6AEA9F29AEE8DB00AB6E16 /* 4396.swift */ = {isa = PBXFileReference; lastKnownFileType = sourcecode.swift; path = 4396.swift; sourceTree = "<group>"; };
		EE73C5132995B4940000F8AC /* 11053.swift */ = {isa = PBXFileReference; lastKnownFileType = sourcecode.swift; path = 11053.swift; sourceTree = "<group>"; };
		EE7C9FEF2989DE6200D2F238 /* 8980.swift */ = {isa = PBXFileReference; lastKnownFileType = sourcecode.swift; path = 8980.swift; sourceTree = "<group>"; };
		EE7C9FF12989F7E500D2F238 /* 1092.swift */ = {isa = PBXFileReference; lastKnownFileType = sourcecode.swift; path = 1092.swift; sourceTree = "<group>"; };
		EE7D35EF29D6587200D2AD60 /* 1477.swift */ = {isa = PBXFileReference; lastKnownFileType = sourcecode.swift; path = 1477.swift; sourceTree = "<group>"; };
		EE800B0C29B1961700BAC862 /* 20546.swift */ = {isa = PBXFileReference; lastKnownFileType = sourcecode.swift; path = 20546.swift; sourceTree = "<group>"; };
		EE813FD929C4209C0091F16E /* 2422.swift */ = {isa = PBXFileReference; lastKnownFileType = sourcecode.swift; path = 2422.swift; sourceTree = "<group>"; };
		EE8BCEF3299F0261004EA821 /* 1915.swift */ = {isa = PBXFileReference; lastKnownFileType = sourcecode.swift; path = 1915.swift; sourceTree = "<group>"; };
		EE938D8F29CD37CF003A5BF6 /* 14503.swift */ = {isa = PBXFileReference; lastKnownFileType = sourcecode.swift; path = 14503.swift; sourceTree = "<group>"; };
		EE9505CC298738AA00077B28 /* 1541.swift */ = {isa = PBXFileReference; lastKnownFileType = sourcecode.swift; path = 1541.swift; sourceTree = "<group>"; };
		EE9505CE29874C6400077B28 /* 1715.swift */ = {isa = PBXFileReference; lastKnownFileType = sourcecode.swift; path = 1715.swift; sourceTree = "<group>"; };
		EE98F0B52980A0F8007BFCCD /* 2263.swift */ = {isa = PBXFileReference; lastKnownFileType = sourcecode.swift; path = 2263.swift; sourceTree = "<group>"; };
		EE98F0B72980C0E4007BFCCD /* 14267.swift */ = {isa = PBXFileReference; lastKnownFileType = sourcecode.swift; path = 14267.swift; sourceTree = "<group>"; };
		EE9B052B29946A0200068503 /* 9465.swift */ = {isa = PBXFileReference; lastKnownFileType = sourcecode.swift; path = 9465.swift; sourceTree = "<group>"; };
		EE9B052D2994875700068503 /* 2293.swift */ = {isa = PBXFileReference; lastKnownFileType = sourcecode.swift; path = 2293.swift; sourceTree = "<group>"; };
		EEA0C0C9298B3EA100BF290D /* 11000.swift */ = {isa = PBXFileReference; lastKnownFileType = sourcecode.swift; path = 11000.swift; sourceTree = "<group>"; };
		EEA0C0CB298B3F3B00BF290D /* 1931.swift */ = {isa = PBXFileReference; lastKnownFileType = sourcecode.swift; path = 1931.swift; sourceTree = "<group>"; };
		EEA30A152999B24F009E30F7 /* 14567.swift */ = {isa = PBXFileReference; lastKnownFileType = sourcecode.swift; path = 14567.swift; sourceTree = "<group>"; };
		EEA30A172999BC1D009E30F7 /* 2629.swift */ = {isa = PBXFileReference; lastKnownFileType = sourcecode.swift; path = 2629.swift; sourceTree = "<group>"; };
		EEA8BF4F2983428800B1A4CD /* 9934.swift */ = {isa = PBXFileReference; lastKnownFileType = sourcecode.swift; path = 9934.swift; sourceTree = "<group>"; };
		EEA8BF512983495B00B1A4CD /* 2250.swift */ = {isa = PBXFileReference; lastKnownFileType = sourcecode.swift; path = 2250.swift; sourceTree = "<group>"; };
		EEA997FC29A6F4370063F86B /* 7453.swift */ = {isa = PBXFileReference; lastKnownFileType = sourcecode.swift; path = 7453.swift; sourceTree = "<group>"; };
		EEAEC88E298C7F51001B1D62 /* 21758.swift */ = {isa = PBXFileReference; lastKnownFileType = sourcecode.swift; path = 21758.swift; sourceTree = "<group>"; };
		EEAEC890298C9696001B1D62 /* 2141.swift */ = {isa = PBXFileReference; lastKnownFileType = sourcecode.swift; path = 2141.swift; sourceTree = "<group>"; };
		EEC30CAD299C54AC007ED33D /* 21923.swift */ = {isa = PBXFileReference; lastKnownFileType = sourcecode.swift; path = 21923.swift; sourceTree = "<group>"; };
		EECCE33629B98B7900838047 /* 14940.swift */ = {isa = PBXFileReference; lastKnownFileType = sourcecode.swift; path = 14940.swift; sourceTree = "<group>"; };
		EECCE33A29BAD16400838047 /* 1012.swift */ = {isa = PBXFileReference; lastKnownFileType = sourcecode.swift; path = 1012.swift; sourceTree = "<group>"; };
		EED4AE6029DD0B2D002C8965 /* 14712.swift */ = {isa = PBXFileReference; lastKnownFileType = sourcecode.swift; path = 14712.swift; sourceTree = "<group>"; };
		EEE1154F29A8374A003FD4E3 /* 11728.swift */ = {isa = PBXFileReference; lastKnownFileType = sourcecode.swift; path = 11728.swift; sourceTree = "<group>"; };
		EEEC46E529A5A1ED000B3B26 /* 20366.swift */ = {isa = PBXFileReference; lastKnownFileType = sourcecode.swift; path = 20366.swift; sourceTree = "<group>"; };
		EEED55B129D3B4F800E6EDE5 /* 2470.swift */ = {isa = PBXFileReference; lastKnownFileType = sourcecode.swift; path = 2470.swift; sourceTree = "<group>"; };
		EEED6B5729DB9CDB00EF57D3 /* 15650.swift */ = {isa = PBXFileReference; lastKnownFileType = sourcecode.swift; path = 15650.swift; sourceTree = "<group>"; };
		EEEE55AA29B6B26800E7E1C3 /* 7576.swift */ = {isa = PBXFileReference; lastKnownFileType = sourcecode.swift; path = 7576.swift; sourceTree = "<group>"; };
/* End PBXFileReference section */

/* Begin PBXFrameworksBuildPhase section */
		57600BF52962576B00A7F27B /* Frameworks */ = {
			isa = PBXFrameworksBuildPhase;
			buildActionMask = 2147483647;
			files = (
			);
			runOnlyForDeploymentPostprocessing = 0;
		};
/* End PBXFrameworksBuildPhase section */

/* Begin PBXGroup section */
		575DE9472974BFBD00E61B8F /* String */ = {
			isa = PBXGroup;
			children = (
				575DE9482974BFDB00E61B8F /* 20291.swift */,
				575DE94A2974C4EE00E61B8F /* 1764.swift */,
				575DE9512976133200E61B8F /* 17413.swift */,
				575DE9532976229200E61B8F /* 6550.swift */,
				5799DB6C2977656B001137EA /* 9046.swift */,
				5799DB6E29776B99001137EA /* 17609.swift */,
				570304C52978BB3600AAC56D /* 1181.swift */,
				570304C92978BF3F00AAC56D /* 20210.swift */,
				57FEFA77297A0C3E008A78B0 /* 16916.swift */,
				57FEFA79297A2097008A78B0 /* 20437.swift */,
			);
			path = String;
			sourceTree = "<group>";
		};
		57600BEF2962576B00A7F27B = {
			isa = PBXGroup;
			children = (
				57600BFA2962576B00A7F27B /* Algorithm */,
				57600BF92962576B00A7F27B /* Products */,
			);
			sourceTree = "<group>";
		};
		57600BF92962576B00A7F27B /* Products */ = {
			isa = PBXGroup;
			children = (
				57600BF82962576B00A7F27B /* Algorithm */,
			);
			name = Products;
			sourceTree = "<group>";
		};
		57600BFA2962576B00A7F27B /* Algorithm */ = {
			isa = PBXGroup;
			children = (
				574E1CA32963DE76005D2048 /* FileIO.swift */,
				EE2738B429BFFE25006077A3 /* Combination.swift */,
				57397FA5296D7ECC0088B5F4 /* Stack.swift */,
				57397FA7296D7ED70088B5F4 /* Queue.swift */,
				57397FA9296D7EDF0088B5F4 /* Deque.swift */,
				57397FAB296D7EEA0088B5F4 /* Heap.swift */,
				57600C03296259FB00A7F27B /* DataStructure */,
				57C481E8296B88C8008731D9 /* DataStructure2 */,
				575DE9472974BFBD00E61B8F /* String */,
				EE16DDAB297F4E92002D4A65 /* Tree */,
				EE9505CB2987389000077B28 /* Greedy */,
				EE168C89299071F10020D5CE /* DynamicProgramming1 */,
				EEA30A142999B236009E30F7 /* DynamicProgramming2 */,
				EE06312929A2EA98002830FB /* TwoPointer */,
				EE23EAEB29AC3C2D00C1DD53 /* Implementation */,
				EE2E5E6829B5686400545253 /* GraphSearch */,
				EE2738AB29BE964C006077A3 /* BruteForce */,
				EE27C53729C7D22C00285CC5 /* Simulation */,
				EE41DC1E29D10957000A1A4C /* BinarySearch */,
				EE090B6329DA44150087A69B /* Backtracking */,
				EE2AE70629E38FE2007046C8 /* DivideAndConquer */,
			);
			path = Algorithm;
			sourceTree = "<group>";
		};
		57600C03296259FB00A7F27B /* DataStructure */ = {
			isa = PBXGroup;
			children = (
				57600BFB2962576B00A7F27B /* 1935.swift */,
				57600C0429625A6400A7F27B /* 1966.swift */,
				574E1C9F2963A2E6005D2048 /* 2346.swift */,
				574E1CA12963A2F4005D2048 /* 2493.swift */,
				574E1CA52963EF4E005D2048 /* 2493_fail.swift */,
				57F68BA32964F32700DB1471 /* 1874.swift */,
				57F68BA529650F2000DB1471 /* 18258.swift */,
				57F68BAB2966432800DB1471 /* 1918.swift */,
				57C481F2296BC4F5008731D9 /* 2800.swift */,
				57C4818B29679236008731D9 /* 10799.swift */,
				57C4818D2967BECB008731D9 /* 22942.swift */,
				57C481F7296BEA73008731D9 /* 22942_heap.swift */,
				57C481E9296B88EF008731D9 /* 10828.swift */,
			);
			path = DataStructure;
			sourceTree = "<group>";
		};
		57C481E8296B88C8008731D9 /* DataStructure2 */ = {
			isa = PBXGroup;
			children = (
				57C481EB296B8E1E008731D9 /* 1620.swift */,
				57397F81296CD7BD0088B5F4 /* 14425.swift */,
				57397F83296CDAC00088B5F4 /* 7662.swift */,
				57397FAD296D99EB0088B5F4 /* 7662_retry.swift */,
				57397FAF296E2E0B0088B5F4 /* 11279.swift */,
				57397FB2296E321D0088B5F4 /* 2696.swift */,
				57397FC0296F7C370088B5F4 /* 2075.swift */,
				57397FC3296F94C90088B5F4 /* 21942.swift */,
				574E615B2970CDBD002BCDAF /* 21939.swift */,
				574E615D2970E1C3002BCDAF /* 21944.swift */,
			);
			path = DataStructure2;
			sourceTree = "<group>";
		};
		EE06312929A2EA98002830FB /* TwoPointer */ = {
			isa = PBXGroup;
			children = (
				EE06312A29A2EAAD002830FB /* 20922.swift */,
				EE49615A29A44804000DA88C /* 20442.swift */,
				EEEC46E529A5A1ED000B3B26 /* 20366.swift */,
				EEA997FC29A6F4370063F86B /* 7453.swift */,
				EEE1154F29A8374A003FD4E3 /* 11728.swift */,
			);
			path = TwoPointer;
			sourceTree = "<group>";
		};
		EE090B6329DA44150087A69B /* Backtracking */ = {
			isa = PBXGroup;
			children = (
				EE090B6429DA442F0087A69B /* 15649.swift */,
				EEED6B5729DB9CDB00EF57D3 /* 15650.swift */,
				EED4AE6029DD0B2D002C8965 /* 14712.swift */,
				EE2AB46B29DE766B00018F19 /* 9663.swift */,
				EE2AB46D29DFA46900018F19 /* 14888.swift */,
			);
			path = Backtracking;
			sourceTree = "<group>";
		};
		EE168C89299071F10020D5CE /* DynamicProgramming1 */ = {
			isa = PBXGroup;
			children = (
				EE168C8A299072160020D5CE /* 2748.swift */,
				EE168C8C299077A80020D5CE /* 1463.swift */,
				EE2628CA2991C5940013137C /* 9095.swift */,
				EE2628CC2991D3590013137C /* 2579.swift */,
				EE4F004E299319C60098A21B /* 10844.swift */,
				EE4F0050299332C60098A21B /* 15486.swift */,
				EE9B052B29946A0200068503 /* 9465.swift */,
				EE9B052D2994875700068503 /* 2293.swift */,
				EE73C5132995B4940000F8AC /* 11053.swift */,
			);
			path = DynamicProgramming1;
			sourceTree = "<group>";
		};
		EE16DDAB297F4E92002D4A65 /* Tree */ = {
			isa = PBXGroup;
			children = (
				EE16DDAC297F4EA8002D4A65 /* 11725.swift */,
				EE16DDAE297F62D6002D4A65 /* 1991.swift */,
				EE98F0B52980A0F8007BFCCD /* 2263.swift */,
				EE98F0B72980C0E4007BFCCD /* 14267.swift */,
				EE2BC3412981F03C002B5C60 /* 6416.swift */,
				EE2BC34329820DF7002B5C60 /* 6416_retry.swift */,
				EE2BC34529821C26002B5C60 /* 5639.swift */,
				EEA8BF4F2983428800B1A4CD /* 9934.swift */,
				EEA8BF512983495B00B1A4CD /* 2250.swift */,
			);
			path = Tree;
			sourceTree = "<group>";
		};
		EE23EAEB29AC3C2D00C1DD53 /* Implementation */ = {
			isa = PBXGroup;
			children = (
				EE23EAEC29AC3C4800C1DD53 /* 14719.swift */,
				EE00BB8829AD8451007CE728 /* 22860.swift */,
				EE6AEA9F29AEE8DB00AB6E16 /* 4396.swift */,
				EE800B0C29B1961700BAC862 /* 20546.swift */,
			);
			path = Implementation;
			sourceTree = "<group>";
		};
		EE2738AB29BE964C006077A3 /* BruteForce */ = {
			isa = PBXGroup;
			children = (
				EE2738AC29BE9660006077A3 /* 2798.swift */,
				EE2738B229BFEB71006077A3 /* 15686.swift */,
				EE2738C129C177FE006077A3 /* 14500.swift */,
				EE53E11029C2C6FD00AD7E62 /* 12919.swift */,
				EE813FD929C4209C0091F16E /* 2422.swift */,
			);
			path = BruteForce;
			sourceTree = "<group>";
		};
		EE27C53729C7D22C00285CC5 /* Simulation */ = {
			isa = PBXGroup;
			children = (
				EE27C53829C7D23A00285CC5 /* 1713.swift */,
				EE27C55129C91E8400285CC5 /* 5212.swift */,
				EE27C55929CAA47300285CC5 /* 20436.swift */,
				EE27C55D29CBCD1800285CC5 /* 3190.swift */,
				EE938D8F29CD37CF003A5BF6 /* 14503.swift */,
			);
			path = Simulation;
			sourceTree = "<group>";
		};
		EE2AE70629E38FE2007046C8 /* DivideAndConquer */ = {
			isa = PBXGroup;
			children = (
				EE2AE70729E39021007046C8 /* 2630.swift */,
				EE2AE71329E4D6E5007046C8 /* 18222.swift */,
				EE0AD54C29E6504800C1CDA1 /* 2447.swift */,
				EE0AD55229E7A3B900C1CDA1 /* 2448.swift */,
				EE0AD55829E8F81100C1CDA1 /* 4256.swift */,
			);
			path = DivideAndConquer;
			sourceTree = "<group>";
		};
		EE2E5E6829B5686400545253 /* GraphSearch */ = {
			isa = PBXGroup;
			children = (
				EE2E5E6929B5687600545253 /* 2606.swift */,
				EEEE55AA29B6B26800E7E1C3 /* 7576.swift */,
				EE0D8E4E29B8287000D96050 /* 2667.swift */,
				EECCE33629B98B7900838047 /* 14940.swift */,
				EECCE33A29BAD16400838047 /* 1012.swift */,
			);
			path = GraphSearch;
			sourceTree = "<group>";
		};
		EE41DC1E29D10957000A1A4C /* BinarySearch */ = {
			isa = PBXGroup;
			children = (
				EE41DC1F29D10981000A1A4C /* 1789.swift */,
				EE3A957829D25AC100CA1A70 /* 10815.swift */,
				EEED55B129D3B4F800E6EDE5 /* 2470.swift */,
				EE36DCFE29D5278300A0612B /* 3079.swift */,
				EE7D35EF29D6587200D2AD60 /* 1477.swift */,
			);
			path = BinarySearch;
			sourceTree = "<group>";
		};
		EE9505CB2987389000077B28 /* Greedy */ = {
			isa = PBXGroup;
			children = (
				EE9505CC298738AA00077B28 /* 1541.swift */,
				EE9505CE29874C6400077B28 /* 1715.swift */,
				EE50C55429888BC2005EA82C /* 13305.swift */,
				EE50C55629889CB9005EA82C /* 13305_solution.swift */,
				EE50C55829889F8F005EA82C /* 19598.swift */,
				EE7C9FEF2989DE6200D2F238 /* 8980.swift */,
				EE7C9FF12989F7E500D2F238 /* 1092.swift */,
				EEA0C0CB298B3F3B00BF290D /* 1931.swift */,
				EEA0C0C9298B3EA100BF290D /* 11000.swift */,
				EEAEC88E298C7F51001B1D62 /* 21758.swift */,
				EEAEC890298C9696001B1D62 /* 2141.swift */,
			);
			path = Greedy;
			sourceTree = "<group>";
		};
		EEA30A142999B236009E30F7 /* DynamicProgramming2 */ = {
			isa = PBXGroup;
			children = (
				EEA30A152999B24F009E30F7 /* 14567.swift */,
				EEA30A172999BC1D009E30F7 /* 2629.swift */,
				EE0E0F0A299B05400007B92D /* 17485.swift */,
				EE0E0F0C299B38140007B92D /* 2228.swift */,
				EEC30CAD299C54AC007ED33D /* 21923.swift */,
				EE1D571F299DACD300758683 /* 21941.swift */,
				EE8BCEF3299F0261004EA821 /* 1915.swift */,
			);
			path = DynamicProgramming2;
			sourceTree = "<group>";
		};
/* End PBXGroup section */

/* Begin PBXNativeTarget section */
		57600BF72962576B00A7F27B /* Algorithm */ = {
			isa = PBXNativeTarget;
			buildConfigurationList = 57600BFF2962576B00A7F27B /* Build configuration list for PBXNativeTarget "Algorithm" */;
			buildPhases = (
				57600BF42962576B00A7F27B /* Sources */,
				57600BF52962576B00A7F27B /* Frameworks */,
				57600BF62962576B00A7F27B /* CopyFiles */,
			);
			buildRules = (
			);
			dependencies = (
			);
			name = Algorithm;
			productName = Algorithm;
			productReference = 57600BF82962576B00A7F27B /* Algorithm */;
			productType = "com.apple.product-type.tool";
		};
/* End PBXNativeTarget section */

/* Begin PBXProject section */
		57600BF02962576B00A7F27B /* Project object */ = {
			isa = PBXProject;
			attributes = {
				BuildIndependentTargetsInParallel = 1;
				LastSwiftUpdateCheck = 1420;
				LastUpgradeCheck = 1420;
				TargetAttributes = {
					57600BF72962576B00A7F27B = {
						CreatedOnToolsVersion = 14.2;
						LastSwiftMigration = 1420;
					};
				};
			};
			buildConfigurationList = 57600BF32962576B00A7F27B /* Build configuration list for PBXProject "Algorithm" */;
			compatibilityVersion = "Xcode 14.0";
			developmentRegion = en;
			hasScannedForEncodings = 0;
			knownRegions = (
				en,
				Base,
			);
			mainGroup = 57600BEF2962576B00A7F27B;
			productRefGroup = 57600BF92962576B00A7F27B /* Products */;
			projectDirPath = "";
			projectRoot = "";
			targets = (
				57600BF72962576B00A7F27B /* Algorithm */,
			);
		};
/* End PBXProject section */

/* Begin PBXSourcesBuildPhase section */
		57600BF42962576B00A7F27B /* Sources */ = {
			isa = PBXSourcesBuildPhase;
			buildActionMask = 2147483647;
			files = (
				57397FA6296D7ECC0088B5F4 /* Stack.swift in Sources */,
				57397FA8296D7ED70088B5F4 /* Queue.swift in Sources */,
				EE0AD55929E8F81100C1CDA1 /* 4256.swift in Sources */,
				57397FAA296D7EDF0088B5F4 /* Deque.swift in Sources */,
				57397FB1296E2E1C0088B5F4 /* Heap.swift in Sources */,
				57C481F5296BD54D008731D9 /* FileIO.swift in Sources */,
				EE2738B529BFFE25006077A3 /* Combination.swift in Sources */,
			);
			runOnlyForDeploymentPostprocessing = 0;
		};
/* End PBXSourcesBuildPhase section */

/* Begin XCBuildConfiguration section */
		57600BFD2962576B00A7F27B /* Debug */ = {
			isa = XCBuildConfiguration;
			buildSettings = {
				ALWAYS_SEARCH_USER_PATHS = NO;
				CLANG_ANALYZER_NONNULL = YES;
				CLANG_ANALYZER_NUMBER_OBJECT_CONVERSION = YES_AGGRESSIVE;
				CLANG_CXX_LANGUAGE_STANDARD = "gnu++20";
				CLANG_ENABLE_MODULES = YES;
				CLANG_ENABLE_OBJC_ARC = YES;
				CLANG_ENABLE_OBJC_WEAK = YES;
				CLANG_WARN_BLOCK_CAPTURE_AUTORELEASING = YES;
				CLANG_WARN_BOOL_CONVERSION = YES;
				CLANG_WARN_COMMA = YES;
				CLANG_WARN_CONSTANT_CONVERSION = YES;
				CLANG_WARN_DEPRECATED_OBJC_IMPLEMENTATIONS = YES;
				CLANG_WARN_DIRECT_OBJC_ISA_USAGE = YES_ERROR;
				CLANG_WARN_DOCUMENTATION_COMMENTS = YES;
				CLANG_WARN_EMPTY_BODY = YES;
				CLANG_WARN_ENUM_CONVERSION = YES;
				CLANG_WARN_INFINITE_RECURSION = YES;
				CLANG_WARN_INT_CONVERSION = YES;
				CLANG_WARN_NON_LITERAL_NULL_CONVERSION = YES;
				CLANG_WARN_OBJC_IMPLICIT_RETAIN_SELF = YES;
				CLANG_WARN_OBJC_LITERAL_CONVERSION = YES;
				CLANG_WARN_OBJC_ROOT_CLASS = YES_ERROR;
				CLANG_WARN_QUOTED_INCLUDE_IN_FRAMEWORK_HEADER = YES;
				CLANG_WARN_RANGE_LOOP_ANALYSIS = YES;
				CLANG_WARN_STRICT_PROTOTYPES = YES;
				CLANG_WARN_SUSPICIOUS_MOVE = YES;
				CLANG_WARN_UNGUARDED_AVAILABILITY = YES_AGGRESSIVE;
				CLANG_WARN_UNREACHABLE_CODE = YES;
				CLANG_WARN__DUPLICATE_METHOD_MATCH = YES;
				COPY_PHASE_STRIP = NO;
				DEBUG_INFORMATION_FORMAT = dwarf;
				ENABLE_STRICT_OBJC_MSGSEND = YES;
				ENABLE_TESTABILITY = YES;
				GCC_C_LANGUAGE_STANDARD = gnu11;
				GCC_DYNAMIC_NO_PIC = NO;
				GCC_NO_COMMON_BLOCKS = YES;
				GCC_OPTIMIZATION_LEVEL = 0;
				GCC_PREPROCESSOR_DEFINITIONS = (
					"DEBUG=1",
					"$(inherited)",
				);
				GCC_WARN_64_TO_32_BIT_CONVERSION = YES;
				GCC_WARN_ABOUT_RETURN_TYPE = YES_ERROR;
				GCC_WARN_UNDECLARED_SELECTOR = YES;
				GCC_WARN_UNINITIALIZED_AUTOS = YES_AGGRESSIVE;
				GCC_WARN_UNUSED_FUNCTION = YES;
				GCC_WARN_UNUSED_VARIABLE = YES;
				MACOSX_DEPLOYMENT_TARGET = 12.6;
				MTL_ENABLE_DEBUG_INFO = INCLUDE_SOURCE;
				MTL_FAST_MATH = YES;
				ONLY_ACTIVE_ARCH = YES;
				SDKROOT = macosx;
				SWIFT_ACTIVE_COMPILATION_CONDITIONS = DEBUG;
				SWIFT_OPTIMIZATION_LEVEL = "-Onone";
			};
			name = Debug;
		};
		57600BFE2962576B00A7F27B /* Release */ = {
			isa = XCBuildConfiguration;
			buildSettings = {
				ALWAYS_SEARCH_USER_PATHS = NO;
				CLANG_ANALYZER_NONNULL = YES;
				CLANG_ANALYZER_NUMBER_OBJECT_CONVERSION = YES_AGGRESSIVE;
				CLANG_CXX_LANGUAGE_STANDARD = "gnu++20";
				CLANG_ENABLE_MODULES = YES;
				CLANG_ENABLE_OBJC_ARC = YES;
				CLANG_ENABLE_OBJC_WEAK = YES;
				CLANG_WARN_BLOCK_CAPTURE_AUTORELEASING = YES;
				CLANG_WARN_BOOL_CONVERSION = YES;
				CLANG_WARN_COMMA = YES;
				CLANG_WARN_CONSTANT_CONVERSION = YES;
				CLANG_WARN_DEPRECATED_OBJC_IMPLEMENTATIONS = YES;
				CLANG_WARN_DIRECT_OBJC_ISA_USAGE = YES_ERROR;
				CLANG_WARN_DOCUMENTATION_COMMENTS = YES;
				CLANG_WARN_EMPTY_BODY = YES;
				CLANG_WARN_ENUM_CONVERSION = YES;
				CLANG_WARN_INFINITE_RECURSION = YES;
				CLANG_WARN_INT_CONVERSION = YES;
				CLANG_WARN_NON_LITERAL_NULL_CONVERSION = YES;
				CLANG_WARN_OBJC_IMPLICIT_RETAIN_SELF = YES;
				CLANG_WARN_OBJC_LITERAL_CONVERSION = YES;
				CLANG_WARN_OBJC_ROOT_CLASS = YES_ERROR;
				CLANG_WARN_QUOTED_INCLUDE_IN_FRAMEWORK_HEADER = YES;
				CLANG_WARN_RANGE_LOOP_ANALYSIS = YES;
				CLANG_WARN_STRICT_PROTOTYPES = YES;
				CLANG_WARN_SUSPICIOUS_MOVE = YES;
				CLANG_WARN_UNGUARDED_AVAILABILITY = YES_AGGRESSIVE;
				CLANG_WARN_UNREACHABLE_CODE = YES;
				CLANG_WARN__DUPLICATE_METHOD_MATCH = YES;
				COPY_PHASE_STRIP = NO;
				DEBUG_INFORMATION_FORMAT = "dwarf-with-dsym";
				ENABLE_NS_ASSERTIONS = NO;
				ENABLE_STRICT_OBJC_MSGSEND = YES;
				GCC_C_LANGUAGE_STANDARD = gnu11;
				GCC_NO_COMMON_BLOCKS = YES;
				GCC_WARN_64_TO_32_BIT_CONVERSION = YES;
				GCC_WARN_ABOUT_RETURN_TYPE = YES_ERROR;
				GCC_WARN_UNDECLARED_SELECTOR = YES;
				GCC_WARN_UNINITIALIZED_AUTOS = YES_AGGRESSIVE;
				GCC_WARN_UNUSED_FUNCTION = YES;
				GCC_WARN_UNUSED_VARIABLE = YES;
				MACOSX_DEPLOYMENT_TARGET = 12.6;
				MTL_ENABLE_DEBUG_INFO = NO;
				MTL_FAST_MATH = YES;
				SDKROOT = macosx;
				SWIFT_COMPILATION_MODE = wholemodule;
				SWIFT_OPTIMIZATION_LEVEL = "-O";
			};
			name = Release;
		};
		57600C002962576B00A7F27B /* Debug */ = {
			isa = XCBuildConfiguration;
			buildSettings = {
				CLANG_ENABLE_MODULES = YES;
				CODE_SIGN_STYLE = Automatic;
				DEVELOPMENT_TEAM = DS2AD6Q7T4;
				ENABLE_HARDENED_RUNTIME = YES;
				LD_RUNPATH_SEARCH_PATHS = (
					"$(inherited)",
					"@executable_path/../Frameworks",
					"@loader_path/../Frameworks",
				);
				MACOSX_DEPLOYMENT_TARGET = 12.4;
				PRODUCT_NAME = "$(TARGET_NAME)";
				SWIFT_OPTIMIZATION_LEVEL = "-Onone";
				SWIFT_VERSION = 5.0;
			};
			name = Debug;
		};
		57600C012962576B00A7F27B /* Release */ = {
			isa = XCBuildConfiguration;
			buildSettings = {
				CLANG_ENABLE_MODULES = YES;
				CODE_SIGN_STYLE = Automatic;
				DEVELOPMENT_TEAM = DS2AD6Q7T4;
				ENABLE_HARDENED_RUNTIME = YES;
				LD_RUNPATH_SEARCH_PATHS = (
					"$(inherited)",
					"@executable_path/../Frameworks",
					"@loader_path/../Frameworks",
				);
				MACOSX_DEPLOYMENT_TARGET = 12.4;
				PRODUCT_NAME = "$(TARGET_NAME)";
				SWIFT_VERSION = 5.0;
			};
			name = Release;
		};
/* End XCBuildConfiguration section */

/* Begin XCConfigurationList section */
		57600BF32962576B00A7F27B /* Build configuration list for PBXProject "Algorithm" */ = {
			isa = XCConfigurationList;
			buildConfigurations = (
				57600BFD2962576B00A7F27B /* Debug */,
				57600BFE2962576B00A7F27B /* Release */,
			);
			defaultConfigurationIsVisible = 0;
			defaultConfigurationName = Release;
		};
		57600BFF2962576B00A7F27B /* Build configuration list for PBXNativeTarget "Algorithm" */ = {
			isa = XCConfigurationList;
			buildConfigurations = (
				57600C002962576B00A7F27B /* Debug */,
				57600C012962576B00A7F27B /* Release */,
			);
			defaultConfigurationIsVisible = 0;
			defaultConfigurationName = Release;
		};
/* End XCConfigurationList section */
	};
	rootObject = 57600BF02962576B00A7F27B /* Project object */;
}
